// !$*UTF8*$!
{
	archiveVersion = 1;
	classes = {
	};
	objectVersion = 77;
	objects = {

/* Begin PBXBuildFile section */
		19EA51C6304EF8A2008F0DCC /* README.md in Resources */ = {isa = PBXBuildFile; fileRef = 19EA51C5304EF89B008F0DCC /* README.md */; };
		19EA51CF304EF922008F0DCC /* task-detail.png in Resources */ = {isa = PBXBuildFile; fileRef = 19EA51CC304EF922008F0DCC /* task-detail.png */; };
		19EA51D0304EF922008F0DCC /* empty-completed.png in Resources */ = {isa = PBXBuildFile; fileRef = 19EA51CA304EF922008F0DCC /* empty-completed.png */; };
		19EA51D1304EF922008F0DCC /* add-task.png in Resources */ = {isa = PBXBuildFile; fileRef = 19EA51C7304EF922008F0DCC /* add-task.png */; };
		19EA51D2304EF922008F0DCC /* edit-task.png in Resources */ = {isa = PBXBuildFile; fileRef = 19EA51C9304EF922008F0DCC /* edit-task.png */; };
		19EA51D3304EF922008F0DCC /* completed-tasks.png in Resources */ = {isa = PBXBuildFile; fileRef = 19EA51C8304EF922008F0DCC /* completed-tasks.png */; };
		19EA51D4304EF922008F0DCC /* empty-tasks.png in Resources */ = {isa = PBXBuildFile; fileRef = 19EA51CB304EF922008F0DCC /* empty-tasks.png */; };
		19EA51D5304EF922008F0DCC /* task-list.png in Resources */ = {isa = PBXBuildFile; fileRef = 19EA51CD304EF922008F0DCC /* task-list.png */; };
/* End PBXBuildFile section */

/* Begin PBXContainerItemProxy section */
		19569846304AEEA800E51AA5 /* PBXContainerItemProxy */ = {
			isa = PBXContainerItemProxy;
			containerPortal = 19569824304AEEA600E51AA5 /* Project object */;
			proxyType = 1;
			remoteGlobalIDString = 1956982B304AEEA600E51AA5;
			remoteInfo = DayPlan;
		};
		19569850304AEEA800E51AA5 /* PBXContainerItemProxy */ = {
			isa = PBXContainerItemProxy;
			containerPortal = 19569824304AEEA600E51AA5 /* Project object */;
			proxyType = 1;
			remoteGlobalIDString = 1956982B304AEEA600E51AA5;
			remoteInfo = DayPlan;
		};
/* End PBXContainerItemProxy section */

/* Begin PBXFileReference section */
		1956982C304AEEA600E51AA5 /* DayPlan.app */ = {isa = PBXFileReference; explicitFileType = wrapper.application; includeInIndex = 0; path = DayPlan.app; sourceTree = BUILT_PRODUCTS_DIR; };
		19569845304AEEA800E51AA5 /* DayPlanTests.xctest */ = {isa = PBXFileReference; explicitFileType = wrapper.cfbundle; includeInIndex = 0; path = DayPlanTests.xctest; sourceTree = BUILT_PRODUCTS_DIR; };
		1956984F304AEEA800E51AA5 /* DayPlanUITests.xctest */ = {isa = PBXFileReference; explicitFileType = wrapper.cfbundle; includeInIndex = 0; path = DayPlanUITests.xctest; sourceTree = BUILT_PRODUCTS_DIR; };
		19EA51C5304EF89B008F0DCC /* README.md */ = {isa = PBXFileReference; lastKnownFileType = net.daringfireball.markdown; path = README.md; sourceTree = "<group>"; };
		19EA51C7304EF922008F0DCC /* add-task.png */ = {isa = PBXFileReference; lastKnownFileType = image.png; path = "add-task.png"; sourceTree = "<group>"; };
		19EA51C8304EF922008F0DCC /* completed-tasks.png */ = {isa = PBXFileReference; lastKnownFileType = image.png; path = "completed-tasks.png"; sourceTree = "<group>"; };
		19EA51C9304EF922008F0DCC /* edit-task.png */ = {isa = PBXFileReference; lastKnownFileType = image.png; path = "edit-task.png"; sourceTree = "<group>"; };
		19EA51CA304EF922008F0DCC /* empty-completed.png */ = {isa = PBXFileReference; lastKnownFileType = image.png; path = "empty-completed.png"; sourceTree = "<group>"; };
		19EA51CB304EF922008F0DCC /* empty-tasks.png */ = {isa = PBXFileReference; lastKnownFileType = image.png; path = "empty-tasks.png"; sourceTree = "<group>"; };
		19EA51CC304EF922008F0DCC /* task-detail.png */ = {isa = PBXFileReference; lastKnownFileType = image.png; path = "task-detail.png"; sourceTree = "<group>"; };
		19EA51CD304EF922008F0DCC /* task-list.png */ = {isa = PBXFileReference; lastKnownFileType = image.png; path = "task-list.png"; sourceTree = "<group>"; };
/* End PBXFileReference section */

/* Begin PBXFileSystemSynchronizedBuildFileExceptionSet section */
		19569857304AEEA800E51AA5 /* Exceptions for "DayPlan" folder in "DayPlan" target */ = {
			isa = PBXFileSystemSynchronizedBuildFileExceptionSet;
			membershipExceptions = (
				Info.plist,
			);
			target = 1956982B304AEEA600E51AA5 /* DayPlan */;
		};
/* End PBXFileSystemSynchronizedBuildFileExceptionSet section */

/* Begin PBXFileSystemSynchronizedRootGroup section */
		1956982E304AEEA600E51AA5 /* DayPlan */ = {
			isa = PBXFileSystemSynchronizedRootGroup;
			exceptions = (
				19569857304AEEA800E51AA5 /* Exceptions for "DayPlan" folder in "DayPlan" target */,
			);
			path = DayPlan;
			sourceTree = "<group>";
		};
		19569848304AEEA800E51AA5 /* DayPlanTests */ = {
			isa = PBXFileSystemSynchronizedRootGroup;
			path = DayPlanTests;
			sourceTree = "<group>";
		};
		19569852304AEEA800E51AA5 /* DayPlanUITests */ = {
			isa = PBXFileSystemSynchronizedRootGroup;
			path = DayPlanUITests;
			sourceTree = "<group>";
		};
/* End PBXFileSystemSynchronizedRootGroup section */

/* Begin PBXFrameworksBuildPhase section */
		19569829304AEEA600E51AA5 /* Frameworks */ = {
			isa = PBXFrameworksBuildPhase;
			buildActionMask = 2147483647;
			files = (
			);
			runOnlyForDeploymentPostprocessing = 0;
		};
		19569842304AEEA800E51AA5 /* Frameworks */ = {
			isa = PBXFrameworksBuildPhase;
			buildActionMask = 2147483647;
			files = (
			);
			runOnlyForDeploymentPostprocessing = 0;
		};
		1956984C304AEEA800E51AA5 /* Frameworks */ = {
			isa = PBXFrameworksBuildPhase;
			buildActionMask = 2147483647;
			files = (
			);
			runOnlyForDeploymentPostprocessing = 0;
		};
/* End PBXFrameworksBuildPhase section */

/* Begin PBXGroup section */
		19569823304AEEA600E51AA5 = {
			isa = PBXGroup;
			children = (
				19EA51C5304EF89B008F0DCC /* README.md */,
				19EA51CE304EF922008F0DCC /* Screenshots */,
				1956982E304AEEA600E51AA5 /* DayPlan */,
				19569848304AEEA800E51AA5 /* DayPlanTests */,
				19569852304AEEA800E51AA5 /* DayPlanUITests */,
				1956982D304AEEA600E51AA5 /* Products */,
			);
			sourceTree = "<group>";
		};
		1956982D304AEEA600E51AA5 /* Products */ = {
			isa = PBXGroup;
			children = (
				1956982C304AEEA600E51AA5 /* DayPlan.app */,
				19569845304AEEA800E51AA5 /* DayPlanTests.xctest */,
				1956984F304AEEA800E51AA5 /* DayPlanUITests.xctest */,
			);
			name = Products;
			sourceTree = "<group>";
		};
		19EA51CE304EF922008F0DCC /* Screenshots */ = {
			isa = PBXGroup;
			children = (
				19EA51C7304EF922008F0DCC /* add-task.png */,
				19EA51C8304EF922008F0DCC /* completed-tasks.png */,
				19EA51C9304EF922008F0DCC /* edit-task.png */,
				19EA51CA304EF922008F0DCC /* empty-completed.png */,
				19EA51CB304EF922008F0DCC /* empty-tasks.png */,
				19EA51CC304EF922008F0DCC /* task-detail.png */,
				19EA51CD304EF922008F0DCC /* task-list.png */,
			);
			path = Screenshots;
			sourceTree = "<group>";
		};
/* End PBXGroup section */

/* Begin PBXNativeTarget section */
		1956982B304AEEA600E51AA5 /* DayPlan */ = {
			isa = PBXNativeTarget;
			buildConfigurationList = 19569858304AEEA800E51AA5 /* Build configuration list for PBXNativeTarget "DayPlan" */;
			buildPhases = (
				19569828304AEEA600E51AA5 /* Sources */,
				19569829304AEEA600E51AA5 /* Frameworks */,
				1956982A304AEEA600E51AA5 /* Resources */,
			);
			buildRules = (
			);
			dependencies = (
			);
			fileSystemSynchronizedGroups = (
				1956982E304AEEA600E51AA5 /* DayPlan */,
			);
			name = DayPlan;
			packageProductDependencies = (
			);
			productName = DayPlan;
			productReference = 1956982C304AEEA600E51AA5 /* DayPlan.app */;
			productType = "com.apple.product-type.application";
		};
		19569844304AEEA800E51AA5 /* DayPlanTests */ = {
			isa = PBXNativeTarget;
			buildConfigurationList = 1956985D304AEEA800E51AA5 /* Build configuration list for PBXNativeTarget "DayPlanTests" */;
			buildPhases = (
				19569841304AEEA800E51AA5 /* Sources */,
				19569842304AEEA800E51AA5 /* Frameworks */,
				19569843304AEEA800E51AA5 /* Resources */,
			);
			buildRules = (
			);
			dependencies = (
				19569847304AEEA800E51AA5 /* PBXTargetDependency */,
			);
			fileSystemSynchronizedGroups = (
				19569848304AEEA800E51AA5 /* DayPlanTests */,
			);
			name = DayPlanTests;
			packageProductDependencies = (
			);
			productName = DayPlanTests;
			productReference = 19569845304AEEA800E51AA5 /* DayPlanTests.xctest */;
			productType = "com.apple.product-type.bundle.unit-test";
		};
		1956984E304AEEA800E51AA5 /* DayPlanUITests */ = {
			isa = PBXNativeTarget;
			buildConfigurationList = 19569860304AEEA800E51AA5 /* Build configuration list for PBXNativeTarget "DayPlanUITests" */;
			buildPhases = (
				1956984B304AEEA800E51AA5 /* Sources */,
				1956984C304AEEA800E51AA5 /* Frameworks */,
				1956984D304AEEA800E51AA5 /* Resources */,
			);
			buildRules = (
			);
			dependencies = (
				19569851304AEEA800E51AA5 /* PBXTargetDependency */,
			);
			fileSystemSynchronizedGroups = (
				19569852304AEEA800E51AA5 /* DayPlanUITests */,
			);
			name = DayPlanUITests;
			packageProductDependencies = (
			);
			productName = DayPlanUITests;
			productReference = 1956984F304AEEA800E51AA5 /* DayPlanUITests.xctest */;
			productType = "com.apple.product-type.bundle.ui-testing";
		};
/* End PBXNativeTarget section */

/* Begin PBXProject section */
		19569824304AEEA600E51AA5 /* Project object */ = {
			isa = PBXProject;
			attributes = {
				BuildIndependentTargetsInParallel = 1;
				LastSwiftUpdateCheck = 2620;
				LastUpgradeCheck = 2620;
				TargetAttributes = {
					1956982B304AEEA600E51AA5 = {
						CreatedOnToolsVersion = 26.2;
					};
					19569844304AEEA800E51AA5 = {
						CreatedOnToolsVersion = 26.2;
						TestTargetID = 1956982B304AEEA600E51AA5;
					};
					1956984E304AEEA800E51AA5 = {
						CreatedOnToolsVersion = 26.2;
						TestTargetID = 1956982B304AEEA600E51AA5;
					};
				};
			};
			buildConfigurationList = 19569827304AEEA600E51AA5 /* Build configuration list for PBXProject "DayPlan" */;
			developmentRegion = en;
			hasScannedForEncodings = 0;
			knownRegions = (
				en,
				Base,
			);
			mainGroup = 19569823304AEEA600E51AA5;
			minimizedProjectReferenceProxies = 1;
			preferredProjectObjectVersion = 77;
			productRefGroup = 1956982D304AEEA600E51AA5 /* Products */;
			projectDirPath = "";
			projectRoot = "";
			targets = (
				1956982B304AEEA600E51AA5 /* DayPlan */,
				19569844304AEEA800E51AA5 /* DayPlanTests */,
				1956984E304AEEA800E51AA5 /* DayPlanUITests */,
			);
		};
/* End PBXProject section */

/* Begin PBXResourcesBuildPhase section */
		1956982A304AEEA600E51AA5 /* Resources */ = {
			isa = PBXResourcesBuildPhase;
			buildActionMask = 2147483647;
			files = (
				19EA51CF304EF922008F0DCC /* task-detail.png in Resources */,
				19EA51D0304EF922008F0DCC /* empty-completed.png in Resources */,
				19EA51D1304EF922008F0DCC /* add-task.png in Resources */,
				19EA51D2304EF922008F0DCC /* edit-task.png in Resources */,
				19EA51D3304EF922008F0DCC /* completed-tasks.png in Resources */,
				19EA51D4304EF922008F0DCC /* empty-tasks.png in Resources */,
				19EA51D5304EF922008F0DCC /* task-list.png in Resources */,
				19EA51C6304EF8A2008F0DCC /* README.md in Resources */,
			);
			runOnlyForDeploymentPostprocessing = 0;
		};
		19569843304AEEA800E51AA5 /* Resources */ = {
			isa = PBXResourcesBuildPhase;
			buildActionMask = 2147483647;
			files = (
			);
			runOnlyForDeploymentPostprocessing = 0;
		};
		1956984D304AEEA800E51AA5 /* Resources */ = {
			isa = PBXResourcesBuildPhase;
			buildActionMask = 2147483647;
			files = (
			);
			runOnlyForDeploymentPostprocessing = 0;
		};
/* End PBXResourcesBuildPhase section */

/* Begin PBXSourcesBuildPhase section */
		19569828304AEEA600E51AA5 /* Sources */ = {
			isa = PBXSourcesBuildPhase;
			buildActionMask = 2147483647;
			files = (
			);
			runOnlyForDeploymentPostprocessing = 0;
		};
		19569841304AEEA800E51AA5 /* Sources */ = {
			isa = PBXSourcesBuildPhase;
			buildActionMask = 2147483647;
			files = (
			);
			runOnlyForDeploymentPostprocessing = 0;
		};
		1956984B304AEEA800E51AA5 /* Sources */ = {
			isa = PBXSourcesBuildPhase;
			buildActionMask = 2147483647;
			files = (
			);
			runOnlyForDeploymentPostprocessing = 0;
		};
/* End PBXSourcesBuildPhase section */

/* Begin PBXTargetDependency section */
		19569847304AEEA800E51AA5 /* PBXTargetDependency */ = {
			isa = PBXTargetDependency;
			target = 1956982B304AEEA600E51AA5 /* DayPlan */;
			targetProxy = 19569846304AEEA800E51AA5 /* PBXContainerItemProxy */;
		};
		19569851304AEEA800E51AA5 /* PBXTargetDependency */ = {
			isa = PBXTargetDependency;
			target = 1956982B304AEEA600E51AA5 /* DayPlan */;
			targetProxy = 19569850304AEEA800E51AA5 /* PBXContainerItemProxy */;
		};
/* End PBXTargetDependency section */

/* Begin XCBuildConfiguration section */
		19569859304AEEA800E51AA5 /* Debug */ = {
			isa = XCBuildConfiguration;
			buildSettings = {
				ASSETCATALOG_COMPILER_APPICON_NAME = AppIcon;
				ASSETCATALOG_COMPILER_GLOBAL_ACCENT_COLOR_NAME = AccentColor;
				CODE_SIGN_STYLE = Automatic;
				CURRENT_PROJECT_VERSION = 1;
				DEVELOPMENT_TEAM = BNZX688K25;
				GENERATE_INFOPLIST_FILE = YES;
				INFOPLIST_FILE = DayPlan/Info.plist;
				INFOPLIST_KEY_UIApplicationSupportsIndirectInputEvents = YES;
				INFOPLIST_KEY_UILaunchStoryboardName = LaunchScreen;
				INFOPLIST_KEY_UIMainStoryboardFile = Main;
				INFOPLIST_KEY_UISupportedInterfaceOrientations_iPad = "UIInterfaceOrientationPortrait UIInterfaceOrientationPortraitUpsideDown UIInterfaceOrientationLandscapeLeft UIInterfaceOrientationLandscapeRight";
				INFOPLIST_KEY_UISupportedInterfaceOrientations_iPhone = "UIInterfaceOrientationPortrait UIInterfaceOrientationLandscapeLeft UIInterfaceOrientationLandscapeRight";
				LD_RUNPATH_SEARCH_PATHS = (
					"$(inherited)",
					"@executable_path/Frameworks",
				);
				MARKETING_VERSION = 1.0;
				PRODUCT_BUNDLE_IDENTIFIER = com.ahmetcilingir.DayPlan;
				PRODUCT_NAME = "$(TARGET_NAME)";
				STRING_CATALOG_GENERATE_SYMBOLS = YES;
				SWIFT_APPROACHABLE_CONCURRENCY = YES;
				SWIFT_DEFAULT_ACTOR_ISOLATION = MainActor;
				SWIFT_EMIT_LOC_STRINGS = YES;
				SWIFT_UPCOMING_FEATURE_MEMBER_IMPORT_VISIBILITY = YES;
				SWIFT_VERSION = 5.0;
				TARGETED_DEVICE_FAMILY = "1,2";
			};
			name = Debug;
		};
		1956985A304AEEA800E51AA5 /* Release */ = {
			isa = XCBuildConfiguration;
			buildSettings = {
				ASSETCATALOG_COMPILER_APPICON_NAME = AppIcon;
				ASSETCATALOG_COMPILER_GLOBAL_ACCENT_COLOR_NAME = AccentColor;
				CODE_SIGN_STYLE = Automatic;
				CURRENT_PROJECT_VERSION = 1;
				DEVELOPMENT_TEAM = BNZX688K25;
				GENERATE_INFOPLIST_FILE = YES;
				INFOPLIST_FILE = DayPlan/Info.plist;
				INFOPLIST_KEY_UIApplicationSupportsIndirectInputEvents = YES;
				INFOPLIST_KEY_UILaunchStoryboardName = LaunchScreen;
				INFOPLIST_KEY_UIMainStoryboardFile = Main;
				INFOPLIST_KEY_UISupportedInterfaceOrientations_iPad = "UIInterfaceOrientationPortrait UIInterfaceOrientationPortraitUpsideDown UIInterfaceOrientationLandscapeLeft UIInterfaceOrientationLandscapeRight";
				INFOPLIST_KEY_UISupportedInterfaceOrientations_iPhone = "UIInterfaceOrientationPortrait UIInterfaceOrientationLandscapeLeft UIInterfaceOrientationLandscapeRight";
				LD_RUNPATH_SEARCH_PATHS = (
					"$(inherited)",
					"@executable_path/Frameworks",
				);
				MARKETING_VERSION = 1.0;
				PRODUCT_BUNDLE_IDENTIFIER = com.ahmetcilingir.DayPlan;
				PRODUCT_NAME = "$(TARGET_NAME)";
				STRING_CATALOG_GENERATE_SYMBOLS = YES;
				SWIFT_APPROACHABLE_CONCURRENCY = YES;
				SWIFT_DEFAULT_ACTOR_ISOLATION = MainActor;
				SWIFT_EMIT_LOC_STRINGS = YES;
				SWIFT_UPCOMING_FEATURE_MEMBER_IMPORT_VISIBILITY = YES;
				SWIFT_VERSION = 5.0;
				TARGETED_DEVICE_FAMILY = "1,2";
			};
			name = Release;
		};
		1956985B304AEEA800E51AA5 /* Debug */ = {
			isa = XCBuildConfiguration;
			buildSettings = {
				ALWAYS_SEARCH_USER_PATHS = NO;
				ASSETCATALOG_COMPILER_GENERATE_SWIFT_ASSET_SYMBOL_EXTENSIONS = YES;
				CLANG_ANALYZER_NONNULL = YES;
				CLANG_ANALYZER_NUMBER_OBJECT_CONVERSION = YES_AGGRESSIVE;
				CLANG_CXX_LANGUAGE_STANDARD = "gnu++20";
				CLANG_ENABLE_MODULES = YES;
				CLANG_ENABLE_OBJC_ARC = YES;
				CLANG_ENABLE_OBJC_WEAK = YES;
				CLANG_WARN_BLOCK_CAPTURE_AUTORELEASING = YES;
				CLANG_WARN_BOOL_CONVERSION = YES;
				CLANG_WARN_COMMA = YES;
				CLANG_WARN_CONSTANT_CONVERSION = YES;
				CLANG_WARN_DEPRECATED_OBJC_IMPLEMENTATIONS = YES;
				CLANG_WARN_DIRECT_OBJC_ISA_USAGE = YES_ERROR;
				CLANG_WARN_DOCUMENTATION_COMMENTS = YES;
				CLANG_WARN_EMPTY_BODY = YES;
				CLANG_WARN_ENUM_CONVERSION = YES;
				CLANG_WARN_INFINITE_RECURSION = YES;
				CLANG_WARN_INT_CONVERSION = YES;
				CLANG_WARN_NON_LITERAL_NULL_CONVERSION = YES;
				CLANG_WARN_OBJC_IMPLICIT_RETAIN_SELF = YES;
				CLANG_WARN_OBJC_LITERAL_CONVERSION = YES;
				CLANG_WARN_OBJC_ROOT_CLASS = YES_ERROR;
				CLANG_WARN_QUOTED_INCLUDE_IN_FRAMEWORK_HEADER = YES;
				CLANG_WARN_RANGE_LOOP_ANALYSIS = YES;
				CLANG_WARN_STRICT_PROTOTYPES = YES;
				CLANG_WARN_SUSPICIOUS_MOVE = YES;
				CLANG_WARN_UNGUARDED_AVAILABILITY = YES_AGGRESSIVE;
				CLANG_WARN_UNREACHABLE_CODE = YES;
				CLANG_WARN__DUPLICATE_METHOD_MATCH = YES;
				COPY_PHASE_STRIP = NO;
				DEBUG_INFORMATION_FORMAT = dwarf;
				DEVELOPMENT_TEAM = BNZX688K25;
				ENABLE_STRICT_OBJC_MSGSEND = YES;
				ENABLE_TESTABILITY = YES;
				ENABLE_USER_SCRIPT_SANDBOXING = YES;
				GCC_C_LANGUAGE_STANDARD = gnu17;
				GCC_DYNAMIC_NO_PIC = NO;
				GCC_NO_COMMON_BLOCKS = YES;
				GCC_OPTIMIZATION_LEVEL = 0;
				GCC_PREPROCESSOR_DEFINITIONS = (
					"DEBUG=1",
					"$(inherited)",
				);
				GCC_WARN_64_TO_32_BIT_CONVERSION = YES;
				GCC_WARN_ABOUT_RETURN_TYPE = YES_ERROR;
				GCC_WARN_UNDECLARED_SELECTOR = YES;
				GCC_WARN_UNINITIALIZED_AUTOS = YES_AGGRESSIVE;
				GCC_WARN_UNUSED_FUNCTION = YES;
				GCC_WARN_UNUSED_VARIABLE = YES;
				IPHONEOS_DEPLOYMENT_TARGET = 26.2;
				LOCALIZATION_PREFERS_STRING_CATALOGS = YES;
				MTL_ENABLE_DEBUG_INFO = INCLUDE_SOURCE;
				MTL_FAST_MATH = YES;
				ONLY_ACTIVE_ARCH = YES;
				SDKROOT = iphoneos;
				SWIFT_ACTIVE_COMPILATION_CONDITIONS = "DEBUG $(inherited)";
				SWIFT_OPTIMIZATION_LEVEL = "-Onone";
			};
			name = Debug;
		};
		1956985C304AEEA800E51AA5 /* Release */ = {
			isa = XCBuildConfiguration;
			buildSettings = {
				ALWAYS_SEARCH_USER_PATHS = NO;
				ASSETCATALOG_COMPILER_GENERATE_SWIFT_ASSET_SYMBOL_EXTENSIONS = YES;
				CLANG_ANALYZER_NONNULL = YES;
				CLANG_ANALYZER_NUMBER_OBJECT_CONVERSION = YES_AGGRESSIVE;
				CLANG_CXX_LANGUAGE_STANDARD = "gnu++20";
				CLANG_ENABLE_MODULES = YES;
				CLANG_ENABLE_OBJC_ARC = YES;
				CLANG_ENABLE_OBJC_WEAK = YES;
				CLANG_WARN_BLOCK_CAPTURE_AUTORELEASING = YES;
				CLANG_WARN_BOOL_CONVERSION = YES;
				CLANG_WARN_COMMA = YES;
				CLANG_WARN_CONSTANT_CONVERSION = YES;
				CLANG_WARN_DEPRECATED_OBJC_IMPLEMENTATIONS = YES;
				CLANG_WARN_DIRECT_OBJC_ISA_USAGE = YES_ERROR;
				CLANG_WARN_DOCUMENTATION_COMMENTS = YES;
				CLANG_WARN_EMPTY_BODY = YES;
				CLANG_WARN_ENUM_CONVERSION = YES;
				CLANG_WARN_INFINITE_RECURSION = YES;
				CLANG_WARN_INT_CONVERSION = YES;
				CLANG_WARN_NON_LITERAL_NULL_CONVERSION = YES;
				CLANG_WARN_OBJC_IMPLICIT_RETAIN_SELF = YES;
				CLANG_WARN_OBJC_LITERAL_CONVERSION = YES;
				CLANG_WARN_OBJC_ROOT_CLASS = YES_ERROR;
				CLANG_WARN_QUOTED_INCLUDE_IN_FRAMEWORK_HEADER = YES;
				CLANG_WARN_RANGE_LOOP_ANALYSIS = YES;
				CLANG_WARN_STRICT_PROTOTYPES = YES;
				CLANG_WARN_SUSPICIOUS_MOVE = YES;
				CLANG_WARN_UNGUARDED_AVAILABILITY = YES_AGGRESSIVE;
				CLANG_WARN_UNREACHABLE_CODE = YES;
				CLANG_WARN__DUPLICATE_METHOD_MATCH = YES;
				COPY_PHASE_STRIP = NO;
				DEBUG_INFORMATION_FORMAT = "dwarf-with-dsym";
				DEVELOPMENT_TEAM = BNZX688K25;
				ENABLE_NS_ASSERTIONS = NO;
				ENABLE_STRICT_OBJC_MSGSEND = YES;
				ENABLE_USER_SCRIPT_SANDBOXING = YES;
				GCC_C_LANGUAGE_STANDARD = gnu17;
				GCC_NO_COMMON_BLOCKS = YES;
				GCC_WARN_64_TO_32_BIT_CONVERSION = YES;
				GCC_WARN_ABOUT_RETURN_TYPE = YES_ERROR;
				GCC_WARN_UNDECLARED_SELECTOR = YES;
				GCC_WARN_UNINITIALIZED_AUTOS = YES_AGGRESSIVE;
				GCC_WARN_UNUSED_FUNCTION = YES;
				GCC_WARN_UNUSED_VARIABLE = YES;
				IPHONEOS_DEPLOYMENT_TARGET = 26.2;
				LOCALIZATION_PREFERS_STRING_CATALOGS = YES;
				MTL_ENABLE_DEBUG_INFO = NO;
				MTL_FAST_MATH = YES;
				SDKROOT = iphoneos;
				SWIFT_COMPILATION_MODE = wholemodule;
				VALIDATE_PRODUCT = YES;
			};
			name = Release;
		};
		1956985E304AEEA800E51AA5 /* Debug */ = {
			isa = XCBuildConfiguration;
			buildSettings = {
				BUNDLE_LOADER = "$(TEST_HOST)";
				CODE_SIGN_STYLE = Automatic;
				CURRENT_PROJECT_VERSION = 1;
				DEVELOPMENT_TEAM = BNZX688K25;
				GENERATE_INFOPLIST_FILE = YES;
				IPHONEOS_DEPLOYMENT_TARGET = 26.2;
				MARKETING_VERSION = 1.0;
				PRODUCT_BUNDLE_IDENTIFIER = com.ahmetcilingir.DayPlanTests;
				PRODUCT_NAME = "$(TARGET_NAME)";
				STRING_CATALOG_GENERATE_SYMBOLS = NO;
				SWIFT_APPROACHABLE_CONCURRENCY = YES;
				SWIFT_EMIT_LOC_STRINGS = NO;
				SWIFT_UPCOMING_FEATURE_MEMBER_IMPORT_VISIBILITY = YES;
				SWIFT_VERSION = 5.0;
				TARGETED_DEVICE_FAMILY = "1,2";
				TEST_HOST = "$(BUILT_PRODUCTS_DIR)/DayPlan.app/$(BUNDLE_EXECUTABLE_FOLDER_PATH)/DayPlan";
			};
			name = Debug;
		};
		1956985F304AEEA800E51AA5 /* Release */ = {
			isa = XCBuildConfiguration;
			buildSettings = {
				BUNDLE_LOADER = "$(TEST_HOST)";
				CODE_SIGN_STYLE = Automatic;
				CURRENT_PROJECT_VERSION = 1;
				DEVELOPMENT_TEAM = BNZX688K25;
				GENERATE_INFOPLIST_FILE = YES;
				IPHONEOS_DEPLOYMENT_TARGET = 26.2;
				MARKETING_VERSION = 1.0;
				PRODUCT_BUNDLE_IDENTIFIER = com.ahmetcilingir.DayPlanTests;
				PRODUCT_NAME = "$(TARGET_NAME)";
				STRING_CATALOG_GENERATE_SYMBOLS = NO;
				SWIFT_APPROACHABLE_CONCURRENCY = YES;
				SWIFT_EMIT_LOC_STRINGS = NO;
				SWIFT_UPCOMING_FEATURE_MEMBER_IMPORT_VISIBILITY = YES;
				SWIFT_VERSION = 5.0;
				TARGETED_DEVICE_FAMILY = "1,2";
				TEST_HOST = "$(BUILT_PRODUCTS_DIR)/DayPlan.app/$(BUNDLE_EXECUTABLE_FOLDER_PATH)/DayPlan";
			};
			name = Release;
		};
		19569861304AEEA800E51AA5 /* Debug */ = {
			isa = XCBuildConfiguration;
			buildSettings = {
				CODE_SIGN_STYLE = Automatic;
				CURRENT_PROJECT_VERSION = 1;
				DEVELOPMENT_TEAM = BNZX688K25;
				GENERATE_INFOPLIST_FILE = YES;
				MARKETING_VERSION = 1.0;
				PRODUCT_BUNDLE_IDENTIFIER = com.ahmetcilingir.DayPlanUITests;
				PRODUCT_NAME = "$(TARGET_NAME)";
				STRING_CATALOG_GENERATE_SYMBOLS = NO;
				SWIFT_APPROACHABLE_CONCURRENCY = YES;
				SWIFT_EMIT_LOC_STRINGS = NO;
				SWIFT_UPCOMING_FEATURE_MEMBER_IMPORT_VISIBILITY = YES;
				SWIFT_VERSION = 5.0;
				TARGETED_DEVICE_FAMILY = "1,2";
				TEST_TARGET_NAME = DayPlan;
			};
			name = Debug;
		};
		19569862304AEEA800E51AA5 /* Release */ = {
			isa = XCBuildConfiguration;
			buildSettings = {
				CODE_SIGN_STYLE = Automatic;
				CURRENT_PROJECT_VERSION = 1;
				DEVELOPMENT_TEAM = BNZX688K25;
				GENERATE_INFOPLIST_FILE = YES;
				MARKETING_VERSION = 1.0;
				PRODUCT_BUNDLE_IDENTIFIER = com.ahmetcilingir.DayPlanUITests;
				PRODUCT_NAME = "$(TARGET_NAME)";
				STRING_CATALOG_GENERATE_SYMBOLS = NO;
				SWIFT_APPROACHABLE_CONCURRENCY = YES;
				SWIFT_EMIT_LOC_STRINGS = NO;
				SWIFT_UPCOMING_FEATURE_MEMBER_IMPORT_VISIBILITY = YES;
				SWIFT_VERSION = 5.0;
				TARGETED_DEVICE_FAMILY = "1,2";
				TEST_TARGET_NAME = DayPlan;
			};
			name = Release;
		};
/* End XCBuildConfiguration section */

/* Begin XCConfigurationList section */
		19569827304AEEA600E51AA5 /* Build configuration list for PBXProject "DayPlan" */ = {
			isa = XCConfigurationList;
			buildConfigurations = (
				1956985B304AEEA800E51AA5 /* Debug */,
				1956985C304AEEA800E51AA5 /* Release */,
			);
			defaultConfigurationIsVisible = 0;
			defaultConfigurationName = Release;
		};
		19569858304AEEA800E51AA5 /* Build configuration list for PBXNativeTarget "DayPlan" */ = {
			isa = XCConfigurationList;
			buildConfigurations = (
				19569859304AEEA800E51AA5 /* Debug */,
				1956985A304AEEA800E51AA5 /* Release */,
			);
			defaultConfigurationIsVisible = 0;
			defaultConfigurationName = Release;
		};
		1956985D304AEEA800E51AA5 /* Build configuration list for PBXNativeTarget "DayPlanTests" */ = {
			isa = XCConfigurationList;
			buildConfigurations = (
				1956985E304AEEA800E51AA5 /* Debug */,
				1956985F304AEEA800E51AA5 /* Release */,
			);
			defaultConfigurationIsVisible = 0;
			defaultConfigurationName = Release;
		};
		19569860304AEEA800E51AA5 /* Build configuration list for PBXNativeTarget "DayPlanUITests" */ = {
			isa = XCConfigurationList;
			buildConfigurations = (
				19569861304AEEA800E51AA5 /* Debug */,
				19569862304AEEA800E51AA5 /* Release */,
			);
			defaultConfigurationIsVisible = 0;
			defaultConfigurationName = Release;
		};
/* End XCConfigurationList section */
	};
	rootObject = 19569824304AEEA600E51AA5 /* Project object */;
}
